
Microsoft Visual Studio Solution File, Format Version 12.00
# Visual Studio Version 16
VisualStudioVersion = 16.0.34407.143
MinimumVisualStudioVersion = 10.0.40219.1
Project("{9A19103F-16F7-4668-BE54-9A1E7A4F7556}") = "3DProjection", "3DProjection\3DProjection.csproj", "{C58089B1-8EA9-4039-A568-C6B42C68179B}"
EndProject
Project("{9A19103F-16F7-4668-BE54-9A1E7A4F7556}") = "DataFormatter", "DataFormatter\DataFormatter.csproj", "{2989F113-2000-4CD3-96FF-ADD5C05B7286}"
EndProject
Project("{2150E333-8FDC-42A3-9474-1A3956D46DE8}") = "Solution Items", "Solution Items", "{50B62658-61E5-49E5-857F-52B63BC7FFB2}"
EndProject
Project("{9A19103F-16F7-4668-BE54-9A1E7A4F7556}") = "Mathematics", "Mathematics\Mathematics.csproj", "{E18CF79F-4CF1-48F6-BBE1-BE77B2B5231A}"
EndProject
Project("{9A19103F-16F7-4668-BE54-9A1E7A4F7556}") = "Imaging", "Imaging\Imaging.csproj", "{6808DA63-F1C1-43E0-9FDF-EFE02126FB41}"
EndProject
Project("{9A19103F-16F7-4668-BE54-9A1E7A4F7556}") = "ExtendedSystemObjects", "ExtendedSystemObjects\ExtendedSystemObjects.csproj", "{E450739C-E43C-4CC3-9229-A8C1FD4825F3}"
EndProject
Project("{9A19103F-16F7-4668-BE54-9A1E7A4F7556}") = "FileHandler", "FileHandler\FileHandler.csproj", "{3249D086-326E-4C2B-9D4B-4D7E4B607B0B}"
EndProject
Project("{9A19103F-16F7-4668-BE54-9A1E7A4F7556}") = "LightVector", "LightVector\LightVector.csproj", "{73A4FA04-85BE-417C-9C78-168D85076EBA}"
EndProject
Project("{9A19103F-16F7-4668-BE54-9A1E7A4F7556}") = "Projections", "Projections\Projections.csproj", "{577E7BB4-896D-40A4-A7C1-37393CDD8E86}"
EndProject
Project("{8BC9CEB8-8B4A-11D0-8D11-00A0C91BC942}") = "Coder", "Coder\Coder.vcxproj", "{30F4F5D2-6EA3-4559-912E-EB1FD80E9724}"
EndProject
Global
	GlobalSection(SolutionConfigurationPlatforms) = preSolution
		Debug|Any CPU = Debug|Any CPU
		Debug|x64 = Debug|x64
		Debug|x86 = Debug|x86
		Release|Any CPU = Release|Any CPU
		Release|x64 = Release|x64
		Release|x86 = Release|x86
	EndGlobalSection
	GlobalSection(ProjectConfigurationPlatforms) = postSolution
		{C58089B1-8EA9-4039-A568-C6B42C68179B}.Debug|Any CPU.ActiveCfg = Debug|Any CPU
		{C58089B1-8EA9-4039-A568-C6B42C68179B}.Debug|Any CPU.Build.0 = Debug|Any CPU
		{C58089B1-8EA9-4039-A568-C6B42C68179B}.Debug|x64.ActiveCfg = Debug|Any CPU
		{C58089B1-8EA9-4039-A568-C6B42C68179B}.Debug|x64.Build.0 = Debug|Any CPU
		{C58089B1-8EA9-4039-A568-C6B42C68179B}.Debug|x86.ActiveCfg = Debug|Any CPU
		{C58089B1-8EA9-4039-A568-C6B42C68179B}.Debug|x86.Build.0 = Debug|Any CPU
		{C58089B1-8EA9-4039-A568-C6B42C68179B}.Release|Any CPU.ActiveCfg = Release|Any CPU
		{C58089B1-8EA9-4039-A568-C6B42C68179B}.Release|Any CPU.Build.0 = Release|Any CPU
		{C58089B1-8EA9-4039-A568-C6B42C68179B}.Release|x64.ActiveCfg = Release|Any CPU
		{C58089B1-8EA9-4039-A568-C6B42C68179B}.Release|x64.Build.0 = Release|Any CPU
		{C58089B1-8EA9-4039-A568-C6B42C68179B}.Release|x86.ActiveCfg = Release|Any CPU
		{C58089B1-8EA9-4039-A568-C6B42C68179B}.Release|x86.Build.0 = Release|Any CPU
		{2989F113-2000-4CD3-96FF-ADD5C05B7286}.Debug|Any CPU.ActiveCfg = Debug|Any CPU
		{2989F113-2000-4CD3-96FF-ADD5C05B7286}.Debug|Any CPU.Build.0 = Debug|Any CPU
		{2989F113-2000-4CD3-96FF-ADD5C05B7286}.Debug|x64.ActiveCfg = Debug|Any CPU
		{2989F113-2000-4CD3-96FF-ADD5C05B7286}.Debug|x64.Build.0 = Debug|Any CPU
		{2989F113-2000-4CD3-96FF-ADD5C05B7286}.Debug|x86.ActiveCfg = Debug|Any CPU
		{2989F113-2000-4CD3-96FF-ADD5C05B7286}.Debug|x86.Build.0 = Debug|Any CPU
		{2989F113-2000-4CD3-96FF-ADD5C05B7286}.Release|Any CPU.ActiveCfg = Release|Any CPU
		{2989F113-2000-4CD3-96FF-ADD5C05B7286}.Release|Any CPU.Build.0 = Release|Any CPU
		{2989F113-2000-4CD3-96FF-ADD5C05B7286}.Release|x64.ActiveCfg = Release|Any CPU
		{2989F113-2000-4CD3-96FF-ADD5C05B7286}.Release|x64.Build.0 = Release|Any CPU
		{2989F113-2000-4CD3-96FF-ADD5C05B7286}.Release|x86.ActiveCfg = Release|Any CPU
		{2989F113-2000-4CD3-96FF-ADD5C05B7286}.Release|x86.Build.0 = Release|Any CPU
		{E18CF79F-4CF1-48F6-BBE1-BE77B2B5231A}.Debug|Any CPU.ActiveCfg = Debug|Any CPU
		{E18CF79F-4CF1-48F6-BBE1-BE77B2B5231A}.Debug|Any CPU.Build.0 = Debug|Any CPU
		{E18CF79F-4CF1-48F6-BBE1-BE77B2B5231A}.Debug|x64.ActiveCfg = Debug|Any CPU
		{E18CF79F-4CF1-48F6-BBE1-BE77B2B5231A}.Debug|x64.Build.0 = Debug|Any CPU
		{E18CF79F-4CF1-48F6-BBE1-BE77B2B5231A}.Debug|x86.ActiveCfg = Debug|Any CPU
		{E18CF79F-4CF1-48F6-BBE1-BE77B2B5231A}.Debug|x86.Build.0 = Debug|Any CPU
		{E18CF79F-4CF1-48F6-BBE1-BE77B2B5231A}.Release|Any CPU.ActiveCfg = Release|Any CPU
		{E18CF79F-4CF1-48F6-BBE1-BE77B2B5231A}.Release|Any CPU.Build.0 = Release|Any CPU
		{E18CF79F-4CF1-48F6-BBE1-BE77B2B5231A}.Release|x64.ActiveCfg = Release|Any CPU
		{E18CF79F-4CF1-48F6-BBE1-BE77B2B5231A}.Release|x64.Build.0 = Release|Any CPU
		{E18CF79F-4CF1-48F6-BBE1-BE77B2B5231A}.Release|x86.ActiveCfg = Release|Any CPU
		{E18CF79F-4CF1-48F6-BBE1-BE77B2B5231A}.Release|x86.Build.0 = Release|Any CPU
		{6808DA63-F1C1-43E0-9FDF-EFE02126FB41}.Debug|Any CPU.ActiveCfg = Debug|Any CPU
		{6808DA63-F1C1-43E0-9FDF-EFE02126FB41}.Debug|Any CPU.Build.0 = Debug|Any CPU
		{6808DA63-F1C1-43E0-9FDF-EFE02126FB41}.Debug|x64.ActiveCfg = Debug|Any CPU
		{6808DA63-F1C1-43E0-9FDF-EFE02126FB41}.Debug|x64.Build.0 = Debug|Any CPU
		{6808DA63-F1C1-43E0-9FDF-EFE02126FB41}.Debug|x86.ActiveCfg = Debug|Any CPU
		{6808DA63-F1C1-43E0-9FDF-EFE02126FB41}.Debug|x86.Build.0 = Debug|Any CPU
		{6808DA63-F1C1-43E0-9FDF-EFE02126FB41}.Release|Any CPU.ActiveCfg = Release|Any CPU
		{6808DA63-F1C1-43E0-9FDF-EFE02126FB41}.Release|Any CPU.Build.0 = Release|Any CPU
		{6808DA63-F1C1-43E0-9FDF-EFE02126FB41}.Release|x64.ActiveCfg = Release|Any CPU
		{6808DA63-F1C1-43E0-9FDF-EFE02126FB41}.Release|x64.Build.0 = Release|Any CPU
		{6808DA63-F1C1-43E0-9FDF-EFE02126FB41}.Release|x86.ActiveCfg = Release|Any CPU
		{6808DA63-F1C1-43E0-9FDF-EFE02126FB41}.Release|x86.Build.0 = Release|Any CPU
		{E450739C-E43C-4CC3-9229-A8C1FD4825F3}.Debug|Any CPU.ActiveCfg = Debug|Any CPU
		{E450739C-E43C-4CC3-9229-A8C1FD4825F3}.Debug|Any CPU.Build.0 = Debug|Any CPU
		{E450739C-E43C-4CC3-9229-A8C1FD4825F3}.Debug|x64.ActiveCfg = Debug|Any CPU
		{E450739C-E43C-4CC3-9229-A8C1FD4825F3}.Debug|x64.Build.0 = Debug|Any CPU
		{E450739C-E43C-4CC3-9229-A8C1FD4825F3}.Debug|x86.ActiveCfg = Debug|Any CPU
		{E450739C-E43C-4CC3-9229-A8C1FD4825F3}.Debug|x86.Build.0 = Debug|Any CPU
		{E450739C-E43C-4CC3-9229-A8C1FD4825F3}.Release|Any CPU.ActiveCfg = Release|Any CPU
		{E450739C-E43C-4CC3-9229-A8C1FD4825F3}.Release|Any CPU.Build.0 = Release|Any CPU
		{E450739C-E43C-4CC3-9229-A8C1FD4825F3}.Release|x64.ActiveCfg = Release|Any CPU
		{E450739C-E43C-4CC3-9229-A8C1FD4825F3}.Release|x64.Build.0 = Release|Any CPU
		{E450739C-E43C-4CC3-9229-A8C1FD4825F3}.Release|x86.ActiveCfg = Release|Any CPU
		{E450739C-E43C-4CC3-9229-A8C1FD4825F3}.Release|x86.Build.0 = Release|Any CPU
		{3249D086-326E-4C2B-9D4B-4D7E4B607B0B}.Debug|Any CPU.ActiveCfg = Debug|Any CPU
		{3249D086-326E-4C2B-9D4B-4D7E4B607B0B}.Debug|Any CPU.Build.0 = Debug|Any CPU
		{3249D086-326E-4C2B-9D4B-4D7E4B607B0B}.Debug|x64.ActiveCfg = Debug|Any CPU
		{3249D086-326E-4C2B-9D4B-4D7E4B607B0B}.Debug|x64.Build.0 = Debug|Any CPU
		{3249D086-326E-4C2B-9D4B-4D7E4B607B0B}.Debug|x86.ActiveCfg = Debug|Any CPU
		{3249D086-326E-4C2B-9D4B-4D7E4B607B0B}.Debug|x86.Build.0 = Debug|Any CPU
		{3249D086-326E-4C2B-9D4B-4D7E4B607B0B}.Release|Any CPU.ActiveCfg = Release|Any CPU
		{3249D086-326E-4C2B-9D4B-4D7E4B607B0B}.Release|Any CPU.Build.0 = Release|Any CPU
		{3249D086-326E-4C2B-9D4B-4D7E4B607B0B}.Release|x64.ActiveCfg = Release|Any CPU
		{3249D086-326E-4C2B-9D4B-4D7E4B607B0B}.Release|x64.Build.0 = Release|Any CPU
		{3249D086-326E-4C2B-9D4B-4D7E4B607B0B}.Release|x86.ActiveCfg = Release|Any CPU
		{3249D086-326E-4C2B-9D4B-4D7E4B607B0B}.Release|x86.Build.0 = Release|Any CPU
		{73A4FA04-85BE-417C-9C78-168D85076EBA}.Debug|Any CPU.ActiveCfg = Debug|Any CPU
		{73A4FA04-85BE-417C-9C78-168D85076EBA}.Debug|Any CPU.Build.0 = Debug|Any CPU
		{73A4FA04-85BE-417C-9C78-168D85076EBA}.Debug|x64.ActiveCfg = Debug|Any CPU
		{73A4FA04-85BE-417C-9C78-168D85076EBA}.Debug|x64.Build.0 = Debug|Any CPU
		{73A4FA04-85BE-417C-9C78-168D85076EBA}.Debug|x86.ActiveCfg = Debug|Any CPU
		{73A4FA04-85BE-417C-9C78-168D85076EBA}.Debug|x86.Build.0 = Debug|Any CPU
		{73A4FA04-85BE-417C-9C78-168D85076EBA}.Release|Any CPU.ActiveCfg = Release|Any CPU
		{73A4FA04-85BE-417C-9C78-168D85076EBA}.Release|Any CPU.Build.0 = Release|Any CPU
		{73A4FA04-85BE-417C-9C78-168D85076EBA}.Release|x64.ActiveCfg = Release|Any CPU
		{73A4FA04-85BE-417C-9C78-168D85076EBA}.Release|x64.Build.0 = Release|Any CPU
		{73A4FA04-85BE-417C-9C78-168D85076EBA}.Release|x86.ActiveCfg = Release|Any CPU
		{73A4FA04-85BE-417C-9C78-168D85076EBA}.Release|x86.Build.0 = Release|Any CPU
		{577E7BB4-896D-40A4-A7C1-37393CDD8E86}.Debug|Any CPU.ActiveCfg = Debug|Any CPU
		{577E7BB4-896D-40A4-A7C1-37393CDD8E86}.Debug|Any CPU.Build.0 = Debug|Any CPU
		{577E7BB4-896D-40A4-A7C1-37393CDD8E86}.Debug|x64.ActiveCfg = Debug|Any CPU
		{577E7BB4-896D-40A4-A7C1-37393CDD8E86}.Debug|x64.Build.0 = Debug|Any CPU
		{577E7BB4-896D-40A4-A7C1-37393CDD8E86}.Debug|x86.ActiveCfg = Debug|Any CPU
		{577E7BB4-896D-40A4-A7C1-37393CDD8E86}.Debug|x86.Build.0 = Debug|Any CPU
		{577E7BB4-896D-40A4-A7C1-37393CDD8E86}.Release|Any CPU.ActiveCfg = Release|Any CPU
		{577E7BB4-896D-40A4-A7C1-37393CDD8E86}.Release|Any CPU.Build.0 = Release|Any CPU
		{577E7BB4-896D-40A4-A7C1-37393CDD8E86}.Release|x64.ActiveCfg = Release|Any CPU
		{577E7BB4-896D-40A4-A7C1-37393CDD8E86}.Release|x64.Build.0 = Release|Any CPU
		{577E7BB4-896D-40A4-A7C1-37393CDD8E86}.Release|x86.ActiveCfg = Release|Any CPU
		{577E7BB4-896D-40A4-A7C1-37393CDD8E86}.Release|x86.Build.0 = Release|Any CPU
		{30F4F5D2-6EA3-4559-912E-EB1FD80E9724}.Debug|Any CPU.ActiveCfg = Debug|Win32
		{30F4F5D2-6EA3-4559-912E-EB1FD80E9724}.Debug|x64.ActiveCfg = Debug|x64
		{30F4F5D2-6EA3-4559-912E-EB1FD80E9724}.Debug|x64.Build.0 = Debug|x64
		{30F4F5D2-6EA3-4559-912E-EB1FD80E9724}.Debug|x86.ActiveCfg = Debug|Win32
		{30F4F5D2-6EA3-4559-912E-EB1FD80E9724}.Debug|x86.Build.0 = Debug|Win32
		{30F4F5D2-6EA3-4559-912E-EB1FD80E9724}.Release|Any CPU.ActiveCfg = Release|Win32
		{30F4F5D2-6EA3-4559-912E-EB1FD80E9724}.Release|x64.ActiveCfg = Release|x64
		{30F4F5D2-6EA3-4559-912E-EB1FD80E9724}.Release|x64.Build.0 = Release|x64
		{30F4F5D2-6EA3-4559-912E-EB1FD80E9724}.Release|x86.ActiveCfg = Release|Win32
		{30F4F5D2-6EA3-4559-912E-EB1FD80E9724}.Release|x86.Build.0 = Release|Win32
	EndGlobalSection
	GlobalSection(SolutionProperties) = preSolution
		HideSolutionNode = FALSE
	EndGlobalSection
	GlobalSection(ExtensibilityGlobals) = postSolution
		SolutionGuid = {2466B251-DEC4-4C8E-A785-6EA30D4F0A0B}
	EndGlobalSection
EndGlobal
